
Microsoft Visual Studio Solution File, Format Version 12.00
# Visual Studio Version 17
VisualStudioVersion = 17.3.32819.101
MinimumVisualStudioVersion = 10.0.40219.1
Project("{9A19103F-16F7-4668-BE54-9A1E7A4F7556}") = "Spoleto.FastPayments.AlfaBank", "src\Spoleto.FastPayments.AlfaBank\Spoleto.FastPayments.AlfaBank.csproj", "{F49D2D69-247A-4E0D-817D-DBB29FAF7934}"
EndProject
Project("{9A19103F-16F7-4668-BE54-9A1E7A4F7556}") = "Spoleto.FastPayments.AlfaBank.Tests", "src\Spoleto.FastPayments.AlfaBank.Tests\Spoleto.FastPayments.AlfaBank.Tests.csproj", "{23F6DA89-B19C-485B-969B-D0A8F35F0504}"
EndProject
Project("{2150E333-8FDC-42A3-9474-1A3956D46DE8}") = "Solution Items", "Solution Items", "{66A86EFD-F303-49C3-8680-2BBE0C6FCFF0}"
	ProjectSection(SolutionItems) = preProject
		src\.editorconfig = src\.editorconfig
		LICENSE = LICENSE
	EndProjectSection
EndProject
Project("{2150E333-8FDC-42A3-9474-1A3956D46DE8}") = "WorkFlow", "WorkFlow", "{B211166D-EA5D-4579-BC46-C390CF29085F}"
	ProjectSection(SolutionItems) = preProject
		.github\workflows\publish-to-nuget.yml = .github\workflows\publish-to-nuget.yml
	EndProjectSection
EndProject
Project("{9A19103F-16F7-4668-BE54-9A1E7A4F7556}") = "CIS.FastPayments.AlfaBank.Service", "src\CIS.FastPayments.AlfaBank.Service\CIS.FastPayments.AlfaBank.Service.csproj", "{273B5E6E-02F6-449E-AB85-1B837D2DC34B}"
EndProject
Global
	GlobalSection(SolutionConfigurationPlatforms) = preSolution
		Debug|Any CPU = Debug|Any CPU
		Release|Any CPU = Release|Any CPU
	EndGlobalSection
	GlobalSection(ProjectConfigurationPlatforms) = postSolution
		{F49D2D69-247A-4E0D-817D-DBB29FAF7934}.Debug|Any CPU.ActiveCfg = Debug|Any CPU
		{F49D2D69-247A-4E0D-817D-DBB29FAF7934}.Debug|Any CPU.Build.0 = Debug|Any CPU
		{F49D2D69-247A-4E0D-817D-DBB29FAF7934}.Release|Any CPU.ActiveCfg = Release|Any CPU
		{F49D2D69-247A-4E0D-817D-DBB29FAF7934}.Release|Any CPU.Build.0 = Release|Any CPU
		{23F6DA89-B19C-485B-969B-D0A8F35F0504}.Debug|Any CPU.ActiveCfg = Debug|Any CPU
		{23F6DA89-B19C-485B-969B-D0A8F35F0504}.Debug|Any CPU.Build.0 = Debug|Any CPU
		{23F6DA89-B19C-485B-969B-D0A8F35F0504}.Release|Any CPU.ActiveCfg = Release|Any CPU
		{23F6DA89-B19C-485B-969B-D0A8F35F0504}.Release|Any CPU.Build.0 = Release|Any CPU
		{273B5E6E-02F6-449E-AB85-1B837D2DC34B}.Debug|Any CPU.ActiveCfg = Debug|Any CPU
		{273B5E6E-02F6-449E-AB85-1B837D2DC34B}.Debug|Any CPU.Build.0 = Debug|Any CPU
		{273B5E6E-02F6-449E-AB85-1B837D2DC34B}.Release|Any CPU.ActiveCfg = Release|Any CPU
		{273B5E6E-02F6-449E-AB85-1B837D2DC34B}.Release|Any CPU.Build.0 = Release|Any CPU
	EndGlobalSection
	GlobalSection(SolutionProperties) = preSolution
		HideSolutionNode = FALSE
	EndGlobalSection
	GlobalSection(ExtensibilityGlobals) = postSolution
		SolutionGuid = {0B644336-DFD4-4C5E-B0E9-421094D0C1D0}
	EndGlobalSection
EndGlobal
